// !$*UTF8*$!
{
	archiveVersion = 1;
	classes = {
	};
	objectVersion = 46;
	objects = {

/* Begin PBXBuildFile section */
		9F679F301E6B64A200FFAED6 /* main.cpp in Sources */ = {isa = PBXBuildFile; fileRef = 9F679F2F1E6B64A200FFAED6 /* main.cpp */; };
		9F679F381E6B68E700FFAED6 /* BookAnalyzer.cpp in Sources */ = {isa = PBXBuildFile; fileRef = 9F679F371E6B68E700FFAED6 /* BookAnalyzer.cpp */; };
/* End PBXBuildFile section */

/* Begin PBXCopyFilesBuildPhase section */
		9F679F2A1E6B64A200FFAED6 /* CopyFiles */ = {
			isa = PBXCopyFilesBuildPhase;
			buildActionMask = 2147483647;
			dstPath = /usr/share/man/man1/;
			dstSubfolderSpec = 0;
			files = (
			);
			runOnlyForDeploymentPostprocessing = 1;
		};
/* End PBXCopyFilesBuildPhase section */

/* Begin PBXFileReference section */
		9F679F2C1E6B64A200FFAED6 /* Pricer */ = {isa = PBXFileReference; explicitFileType = "compiled.mach-o.executable"; includeInIndex = 0; path = Pricer; sourceTree = BUILT_PRODUCTS_DIR; };
		9F679F2F1E6B64A200FFAED6 /* main.cpp */ = {isa = PBXFileReference; lastKnownFileType = sourcecode.cpp.cpp; path = main.cpp; sourceTree = "<group>"; };
		9F679F361E6B659C00FFAED6 /* BookAnalyzer.h */ = {isa = PBXFileReference; lastKnownFileType = sourcecode.c.h; path = BookAnalyzer.h; sourceTree = "<group>"; };
		9F679F371E6B68E700FFAED6 /* BookAnalyzer.cpp */ = {isa = PBXFileReference; fileEncoding = 4; lastKnownFileType = sourcecode.cpp.cpp; path = BookAnalyzer.cpp; sourceTree = "<group>"; };
		9F679F391E6BE49300FFAED6 /* pricer.in */ = {isa = PBXFileReference; lastKnownFileType = text; path = pricer.in; sourceTree = "<group>"; };
		9F679F3A1E6BE49300FFAED6 /* pricer.out.1 */ = {isa = PBXFileReference; lastKnownFileType = text.man; path = pricer.out.1; sourceTree = "<group>"; };
		9F679F3B1E6BE4C000FFAED6 /* test.in */ = {isa = PBXFileReference; fileEncoding = 4; lastKnownFileType = text; path = test.in; sourceTree = "<group>"; };
		9F679F3C1E6BE6F200FFAED6 /* test_result.txt */ = {isa = PBXFileReference; fileEncoding = 4; lastKnownFileType = text; path = test_result.txt; sourceTree = "<group>"; };
		9F679F3D1E6BF2E900FFAED6 /* pricer.out.200 */ = {isa = PBXFileReference; lastKnownFileType = text; path = pricer.out.200; sourceTree = "<group>"; };
		9F679F3E1E6BF2F800FFAED6 /* pricer.out.10000 */ = {isa = PBXFileReference; lastKnownFileType = text; path = pricer.out.10000; sourceTree = "<group>"; };
/* End PBXFileReference section */

/* Begin PBXFrameworksBuildPhase section */
		9F679F291E6B64A200FFAED6 /* Frameworks */ = {
			isa = PBXFrameworksBuildPhase;
			buildActionMask = 2147483647;
			files = (
			);
			runOnlyForDeploymentPostprocessing = 0;
		};
/* End PBXFrameworksBuildPhase section */

/* Begin PBXGroup section */
		9F679F231E6B64A200FFAED6 = {
			isa = PBXGroup;
			children = (
				9F679F2E1E6B64A200FFAED6 /* Pricer */,
				9F679F2D1E6B64A200FFAED6 /* Products */,
			);
			sourceTree = "<group>";
		};
		9F679F2D1E6B64A200FFAED6 /* Products */ = {
			isa = PBXGroup;
			children = (
				9F679F2C1E6B64A200FFAED6 /* Pricer */,
			);
			name = Products;
			sourceTree = "<group>";
		};
		9F679F2E1E6B64A200FFAED6 /* Pricer */ = {
			isa = PBXGroup;
			children = (
				9F679F2F1E6B64A200FFAED6 /* main.cpp */,
				9F679F361E6B659C00FFAED6 /* BookAnalyzer.h */,
				9F679F371E6B68E700FFAED6 /* BookAnalyzer.cpp */,
				9F679F391E6BE49300FFAED6 /* pricer.in */,
				9F679F3A1E6BE49300FFAED6 /* pricer.out.1 */,
				9F679F3B1E6BE4C000FFAED6 /* test.in */,
				9F679F3D1E6BF2E900FFAED6 /* pricer.out.200 */,
				9F679F3E1E6BF2F800FFAED6 /* pricer.out.10000 */,
				9F679F3C1E6BE6F200FFAED6 /* test_result.txt */,
			);
			path = Pricer;
			sourceTree = "<group>";
		};
/* End PBXGroup section */

/* Begin PBXNativeTarget section */
		9F679F2B1E6B64A200FFAED6 /* Pricer */ = {
			isa = PBXNativeTarget;
			buildConfigurationList = 9F679F331E6B64A200FFAED6 /* Build configuration list for PBXNativeTarget "Pricer" */;
			buildPhases = (
				9F679F281E6B64A200FFAED6 /* Sources */,
				9F679F291E6B64A200FFAED6 /* Frameworks */,
				9F679F2A1E6B64A200FFAED6 /* CopyFiles */,
			);
			buildRules = (
			);
			dependencies = (
			);
			name = Pricer;
			productName = Pricer;
			productReference = 9F679F2C1E6B64A200FFAED6 /* Pricer */;
			productType = "com.apple.product-type.tool";
		};
/* End PBXNativeTarget section */

/* Begin PBXProject section */
		9F679F241E6B64A200FFAED6 /* Project object */ = {
			isa = PBXProject;
			attributes = {
				LastUpgradeCheck = 0820;
				ORGANIZATIONNAME = Allen;
				TargetAttributes = {
					9F679F2B1E6B64A200FFAED6 = {
						CreatedOnToolsVersion = 8.2.1;
						ProvisioningStyle = Automatic;
					};
				};
			};
			buildConfigurationList = 9F679F271E6B64A200FFAED6 /* Build configuration list for PBXProject "Pricer" */;
			compatibilityVersion = "Xcode 3.2";
			developmentRegion = English;
			hasScannedForEncodings = 0;
			knownRegions = (
				en,
			);
			mainGroup = 9F679F231E6B64A200FFAED6;
			productRefGroup = 9F679F2D1E6B64A200FFAED6 /* Products */;
			projectDirPath = "";
			projectRoot = "";
			targets = (
				9F679F2B1E6B64A200FFAED6 /* Pricer */,
			);
		};
/* End PBXProject section */

/* Begin PBXSourcesBuildPhase section */
		9F679F281E6B64A200FFAED6 /* Sources */ = {
			isa = PBXSourcesBuildPhase;
			buildActionMask = 2147483647;
			files = (
				9F679F381E6B68E700FFAED6 /* BookAnalyzer.cpp in Sources */,
				9F679F301E6B64A200FFAED6 /* main.cpp in Sources */,
			);
			runOnlyForDeploymentPostprocessing = 0;
		};
/* End PBXSourcesBuildPhase section */

/* Begin XCBuildConfiguration section */
		9F679F311E6B64A200FFAED6 /* Debug */ = {
			isa = XCBuildConfiguration;
			buildSettings = {
				ALWAYS_SEARCH_USER_PATHS = NO;
				CLANG_ANALYZER_NONNULL = YES;
				CLANG_CXX_LANGUAGE_STANDARD = "gnu++0x";
				CLANG_CXX_LIBRARY = "libc++";
				CLANG_ENABLE_MODULES = YES;
				CLANG_ENABLE_OBJC_ARC = YES;
				CLANG_WARN_BOOL_CONVERSION = YES;
				CLANG_WARN_CONSTANT_CONVERSION = YES;
				CLANG_WARN_DIRECT_OBJC_ISA_USAGE = YES_ERROR;
				CLANG_WARN_DOCUMENTATION_COMMENTS = YES;
				CLANG_WARN_EMPTY_BODY = YES;
				CLANG_WARN_ENUM_CONVERSION = YES;
				CLANG_WARN_INFINITE_RECURSION = YES;
				CLANG_WARN_INT_CONVERSION = YES;
				CLANG_WARN_OBJC_ROOT_CLASS = YES_ERROR;
				CLANG_WARN_SUSPICIOUS_MOVE = YES;
				CLANG_WARN_UNREACHABLE_CODE = YES;
				CLANG_WARN__DUPLICATE_METHOD_MATCH = YES;
				CODE_SIGN_IDENTITY = "-";
				COPY_PHASE_STRIP = NO;
				DEBUG_INFORMATION_FORMAT = dwarf;
				ENABLE_STRICT_OBJC_MSGSEND = YES;
				ENABLE_TESTABILITY = YES;
				GCC_C_LANGUAGE_STANDARD = gnu99;
				GCC_DYNAMIC_NO_PIC = NO;
				GCC_NO_COMMON_BLOCKS = YES;
				GCC_OPTIMIZATION_LEVEL = 0;
				GCC_PREPROCESSOR_DEFINITIONS = (
					"DEBUG=1",
					"$(inherited)",
				);
				GCC_WARN_64_TO_32_BIT_CONVERSION = YES;
				GCC_WARN_ABOUT_RETURN_TYPE = YES_ERROR;
				GCC_WARN_UNDECLARED_SELECTOR = YES;
				GCC_WARN_UNINITIALIZED_AUTOS = YES_AGGRESSIVE;
				GCC_WARN_UNUSED_FUNCTION = YES;
				GCC_WARN_UNUSED_VARIABLE = YES;
				MACOSX_DEPLOYMENT_TARGET = 10.11;
				MTL_ENABLE_DEBUG_INFO = YES;
				ONLY_ACTIVE_ARCH = YES;
				SDKROOT = macosx;
			};
			name = Debug;
		};
		9F679F321E6B64A200FFAED6 /* Release */ = {
			isa = XCBuildConfiguration;
			buildSettings = {
				ALWAYS_SEARCH_USER_PATHS = NO;
				CLANG_ANALYZER_NONNULL = YES;
				CLANG_CXX_LANGUAGE_STANDARD = "gnu++0x";
				CLANG_CXX_LIBRARY = "libc++";
				CLANG_ENABLE_MODULES = YES;
				CLANG_ENABLE_OBJC_ARC = YES;
				CLANG_WARN_BOOL_CONVERSION = YES;
				CLANG_WARN_CONSTANT_CONVERSION = YES;
				CLANG_WARN_DIRECT_OBJC_ISA_USAGE = YES_ERROR;
				CLANG_WARN_DOCUMENTATION_COMMENTS = YES;
				CLANG_WARN_EMPTY_BODY = YES;
				CLANG_WARN_ENUM_CONVERSION = YES;
				CLANG_WARN_INFINITE_RECURSION = YES;
				CLANG_WARN_INT_CONVERSION = YES;
				CLANG_WARN_OBJC_ROOT_CLASS = YES_ERROR;
				CLANG_WARN_SUSPICIOUS_MOVE = YES;
				CLANG_WARN_UNREACHABLE_CODE = YES;
				CLANG_WARN__DUPLICATE_METHOD_MATCH = YES;
				CODE_SIGN_IDENTITY = "-";
				COPY_PHASE_STRIP = NO;
				DEBUG_INFORMATION_FORMAT = "dwarf-with-dsym";
				ENABLE_NS_ASSERTIONS = NO;
				ENABLE_STRICT_OBJC_MSGSEND = YES;
				GCC_C_LANGUAGE_STANDARD = gnu99;
				GCC_NO_COMMON_BLOCKS = YES;
				GCC_WARN_64_TO_32_BIT_CONVERSION = YES;
				GCC_WARN_ABOUT_RETURN_TYPE = YES_ERROR;
				GCC_WARN_UNDECLARED_SELECTOR = YES;
				GCC_WARN_UNINITIALIZED_AUTOS = YES_AGGRESSIVE;
				GCC_WARN_UNUSED_FUNCTION = YES;
				GCC_WARN_UNUSED_VARIABLE = YES;
				MACOSX_DEPLOYMENT_TARGET = 10.11;
				MTL_ENABLE_DEBUG_INFO = NO;
				SDKROOT = macosx;
			};
			name = Release;
		};
		9F679F341E6B64A200FFAED6 /* Debug */ = {
			isa = XCBuildConfiguration;
			buildSettings = {
				PRODUCT_NAME = "$(TARGET_NAME)";
			};
			name = Debug;
		};
		9F679F351E6B64A200FFAED6 /* Release */ = {
			isa = XCBuildConfiguration;
			buildSettings = {
				PRODUCT_NAME = "$(TARGET_NAME)";
			};
			name = Release;
		};
/* End XCBuildConfiguration section */

/* Begin XCConfigurationList section */
		9F679F271E6B64A200FFAED6 /* Build configuration list for PBXProject "Pricer" */ = {
			isa = XCConfigurationList;
			buildConfigurations = (
				9F679F311E6B64A200FFAED6 /* Debug */,
				9F679F321E6B64A200FFAED6 /* Release */,
			);
			defaultConfigurationIsVisible = 0;
			defaultConfigurationName = Release;
		};
		9F679F331E6B64A200FFAED6 /* Build configuration list for PBXNativeTarget "Pricer" */ = {
			isa = XCConfigurationList;
			buildConfigurations = (
				9F679F341E6B64A200FFAED6 /* Debug */,
				9F679F351E6B64A200FFAED6 /* Release */,
			);
			defaultConfigurationIsVisible = 0;
		};
/* End XCConfigurationList section */
	};
	rootObject = 9F679F241E6B64A200FFAED6 /* Project object */;
}
